
Microsoft Visual Studio Solution File, Format Version 12.00
# Visual Studio 2013
VisualStudioVersion = 12.0.21005.1
MinimumVisualStudioVersion = 10.0.40219.1
Project("{8BC9CEB8-8B4A-11D0-8D11-00A0C91BC942}") = "C1", "C1\C1.vcxproj", "{EF59E9F8-BA8C-4E83-9F27-A8FC87B6A39E}"
EndProject
Global
	GlobalSection(SolutionConfigurationPlatforms) = preSolution
		Debug|Win32 = Debug|Win32
		Release|Win32 = Release|Win32
	EndGlobalSection
	GlobalSection(ProjectConfigurationPlatforms) = postSolution
		{EF59E9F8-BA8C-4E83-9F27-A8FC87B6A39E}.Debug|Win32.ActiveCfg = Debug|Win32
		{EF59E9F8-BA8C-4E83-9F27-A8FC87B6A39E}.Debug|Win32.Build.0 = Debug|Win32
		{EF59E9F8-BA8C-4E83-9F27-A8FC87B6A39E}.Release|Win32.ActiveCfg = Release|Win32
		{EF59E9F8-BA8C-4E83-9F27-A8FC87B6A39E}.Release|Win32.Build.0 = Release|Win32
	EndGlobalSection
	GlobalSection(SolutionProperties) = preSolution
		HideSolutionNode = FALSE
	EndGlobalSection
EndGlobal
